{
  "lockfile_version": "1",
  "packages": {
    "cmake@latest": {
      "last_modified": "2024-07-07T07:43:47Z",
      "resolved": "github:NixOS/nixpkgs/b60793b86201040d9dee019a05089a9150d08b5b#cmake",
      "source": "devbox-search",
      "version": "3.29.6",
      "systems": {
        "aarch64-darwin": {
          "outputs": [
            {
              "name": "out",
              "path": "/nix/store/wkpac975pr7mad7mnbjf3dhdf4v6ildv-cmake-3.29.6",
              "default": true
            }
          ],
          "store_path": "/nix/store/wkpac975pr7mad7mnbjf3dhdf4v6ildv-cmake-3.29.6"
        },
        "aarch64-linux": {
          "outputs": [
            {
              "name": "out",
              "path": "/nix/store/hyr25rm1gxiz04bbdvdk7a6291anq685-cmake-3.29.6",
              "default": true
            },
            {
              "name": "debug",
              "path": "/nix/store/kvh0v7hx2iaqg2znpbapz6rlcfcirj65-cmake-3.29.6-debug"
            }
          ],
          "store_path": "/nix/store/hyr25rm1gxiz04bbdvdk7a6291anq685-cmake-3.29.6"
        },
        "x86_64-darwin": {
          "outputs": [
            {
              "name": "out",
              "path": "/nix/store/dlk5mzpxif2hjfw43if4wid0sckv6sx7-cmake-3.29.6",
              "default": true
            }
          ],
          "store_path": "/nix/store/dlk5mzpxif2hjfw43if4wid0sckv6sx7-cmake-3.29.6"
        },
        "x86_64-linux": {
          "outputs": [
            {
              "name": "out",
              "path": "/nix/store/ll2b6cslly4v30im7qk34f9y21ziiz1i-cmake-3.29.6",
              "default": true
            },
            {
              "name": "debug",
              "path": "/nix/store/mids99xxvgsaz6jaw8vvdnv4wplfw5ac-cmake-3.29.6-debug"
            }
          ],
          "store_path": "/nix/store/ll2b6cslly4v30im7qk34f9y21ziiz1i-cmake-3.29.6"
        }
      }
    },
    "gcc@latest": {
      "last_modified": "2024-07-07T07:43:47Z",
      "resolved": "github:NixOS/nixpkgs/b60793b86201040d9dee019a05089a9150d08b5b#gcc14",
      "source": "devbox-search",
      "version": "14.1.0",
      "systems": {
        "aarch64-darwin": {
          "outputs": [
            {
              "name": "out",
              "path": "/nix/store/splv4zmbxm4k9walh37xcd8sf8vnk4sc-gcc-wrapper-14.1.0",
              "default": true
            },
            {
              "name": "man",
              "path": "/nix/store/z4r2vgmci2pbzxqm9ydrqwhyspwc1a01-gcc-wrapper-14.1.0-man",
              "default": true
            },
            {
              "name": "info",
              "path": "/nix/store/x1ahjhvpijid256r64i69d4bj4jw9g2i-gcc-wrapper-14.1.0-info"
            }
          ],
          "store_path": "/nix/store/splv4zmbxm4k9walh37xcd8sf8vnk4sc-gcc-wrapper-14.1.0"
        },
        "aarch64-linux": {
          "outputs": [
            {
              "name": "out",
              "path": "/nix/store/56d0xpw0wwphkqcps2kihqpcq9w9qnyn-gcc-wrapper-14.1.0",
              "default": true
            },
            {
              "name": "man",
              "path": "/nix/store/6hi8fmj16kpwsm4155jhp28yw4ly4mi1-gcc-wrapper-14.1.0-man",
              "default": true
            },
            {
              "name": "info",
              "path": "/nix/store/cxkc9qx9l93kwmq68izj9jkl2q33bbgy-gcc-wrapper-14.1.0-info"
            }
          ],
          "store_path": "/nix/store/56d0xpw0wwphkqcps2kihqpcq9w9qnyn-gcc-wrapper-14.1.0"
        },
        "x86_64-darwin": {
          "outputs": [
            {
              "name": "out",
              "path": "/nix/store/ld8drn1m99kciz0q36fpx8wxd42wpb13-gcc-wrapper-14.1.0",
              "default": true
            },
            {
              "name": "man",
              "path": "/nix/store/yxa07dqjhdwlg1mwam381j4k2xkklnzi-gcc-wrapper-14.1.0-man",
              "default": true
            },
            {
              "name": "info",
              "path": "/nix/store/34xhr034grpv4034wiqk8998n4942k9s-gcc-wrapper-14.1.0-info"
            }
          ],
          "store_path": "/nix/store/ld8drn1m99kciz0q36fpx8wxd42wpb13-gcc-wrapper-14.1.0"
        },
        "x86_64-linux": {
          "outputs": [
            {
              "name": "out",
              "path": "/nix/store/lrkj75p94j7yvpd9hiiy6mw0w9hi6bhg-gcc-wrapper-14.1.0",
              "default": true
            },
            {
              "name": "man",
              "path": "/nix/store/67f2b1hybi7abmpyz8jracl5vijvmapc-gcc-wrapper-14.1.0-man",
              "default": true
            },
            {
              "name": "info",
              "path": "/nix/store/p2lb53a0jrmh8ssz7bgihhqlcvfismfy-gcc-wrapper-14.1.0-info"
            }
          ],
          "store_path": "/nix/store/lrkj75p94j7yvpd9hiiy6mw0w9hi6bhg-gcc-wrapper-14.1.0"
        }
      }
    },
    "gnumake@latest": {
      "last_modified": "2024-07-07T07:43:47Z",
      "resolved": "github:NixOS/nixpkgs/b60793b86201040d9dee019a05089a9150d08b5b#gnumake",
      "source": "devbox-search",
      "version": "4.4.1",
      "systems": {
        "aarch64-darwin": {
          "outputs": [
            {
              "name": "out",
              "path": "/nix/store/c4301v1sjrp1779626h44pl91jbnpn5r-gnumake-4.4.1",
              "default": true
            },
            {
              "name": "man",
              "path": "/nix/store/ajpqp6akrszzdvxbb40fq6czikidc2vb-gnumake-4.4.1-man",
              "default": true
            },
            {
              "name": "info",
              "path": "/nix/store/qs7gmbv88h9v6achca5950a33zmniabc-gnumake-4.4.1-info"
            }
          ],
          "store_path": "/nix/store/c4301v1sjrp1779626h44pl91jbnpn5r-gnumake-4.4.1"
        },
        "aarch64-linux": {
          "outputs": [
            {
              "name": "out",
              "path": "/nix/store/zmgsn6q40mhyydf1irxb1j39h60cfazh-gnumake-4.4.1",
              "default": true
            },
            {
              "name": "man",
              "path": "/nix/store/72jlip07iff04ldvi8pbidla8k4y6cbl-gnumake-4.4.1-man",
              "default": true
            },
            {
              "name": "debug",
              "path": "/nix/store/aqc0xdx9bfvqj38915xm97zj9k9h6dgf-gnumake-4.4.1-debug"
            },
            {
              "name": "info",
              "path": "/nix/store/fkb17v32yraw4jfl6jph7gsikhg5528z-gnumake-4.4.1-info"
            }
          ],
          "store_path": "/nix/store/zmgsn6q40mhyydf1irxb1j39h60cfazh-gnumake-4.4.1"
        },
        "x86_64-darwin": {
          "outputs": [
            {
              "name": "out",
              "path": "/nix/store/6mq2psv6b3kraaf1axdw2h1ci28nw15l-gnumake-4.4.1",
              "default": true
            },
            {
              "name": "man",
              "path": "/nix/store/xmif4yq2xqy37qjhgzz43sni8nrickh6-gnumake-4.4.1-man",
              "default": true
            },
            {
              "name": "info",
              "path": "/nix/store/44kyl5f1z3qji74bjfj69anqnhhia5q0-gnumake-4.4.1-info"
            }
          ],
          "store_path": "/nix/store/6mq2psv6b3kraaf1axdw2h1ci28nw15l-gnumake-4.4.1"
        },
        "x86_64-linux": {
          "outputs": [
            {
              "name": "out",
              "path": "/nix/store/y1p3w7pj0f7n77kl33wmz5gml6qcqfjd-gnumake-4.4.1",
              "default": true
            },
            {
              "name": "man",
              "path": "/nix/store/qrbxn3bh9p4ivq5jx2fs6l34k0inqpz2-gnumake-4.4.1-man",
              "default": true
            },
            {
              "name": "debug",
              "path": "/nix/store/1rpvn74fg0vyp7k3r369qa6m0jqhsgiz-gnumake-4.4.1-debug"
            },
            {
              "name": "info",
              "path": "/nix/store/561k9y7cqfyf58j9x1dblw0c18625xyd-gnumake-4.4.1-info"
            }
          ],
          "store_path": "/nix/store/y1p3w7pj0f7n77kl33wmz5gml6qcqfjd-gnumake-4.4.1"
        }
      }
    },
    "python@latest": {
      "last_modified": "2024-07-07T07:43:47Z",
      "plugin_version": "0.0.3",
      "resolved": "github:NixOS/nixpkgs/b60793b86201040d9dee019a05089a9150d08b5b#python3",
      "source": "devbox-search",
      "version": "3.12.4",
      "systems": {
        "aarch64-darwin": {
          "outputs": [
            {
              "name": "out",
              "path": "/nix/store/3swy1vadi125g0c1vxqp8ykdr749803j-python3-3.12.4",
              "default": true
            }
          ],
          "store_path": "/nix/store/3swy1vadi125g0c1vxqp8ykdr749803j-python3-3.12.4"
        },
        "aarch64-linux": {
          "outputs": [
            {
              "name": "out",
              "path": "/nix/store/sz2facg15yq3ziqkidb1dkkglwzkkg8a-python3-3.12.4",
              "default": true
            },
            {
              "name": "debug",
              "path": "/nix/store/19vjjqg7jbfblqapf63nm9ich1xdq9dx-python3-3.12.4-debug"
            }
          ],
          "store_path": "/nix/store/sz2facg15yq3ziqkidb1dkkglwzkkg8a-python3-3.12.4"
        },
        "x86_64-darwin": {
          "outputs": [
            {
              "name": "out",
              "path": "/nix/store/3y5wy1i9nq5293knm23mxsj5l6w41h2l-python3-3.12.4",
              "default": true
            }
          ],
          "store_path": "/nix/store/3y5wy1i9nq5293knm23mxsj5l6w41h2l-python3-3.12.4"
        },
        "x86_64-linux": {
          "outputs": [
            {
              "name": "out",
              "path": "/nix/store/z7xxy35k7620hs6fn6la5fg2lgklv72l-python3-3.12.4",
              "default": true
            },
            {
              "name": "debug",
              "path": "/nix/store/3x6jqv5yw212v8rlwql88cn94dginq32-python3-3.12.4-debug"
            }
          ],
          "store_path": "/nix/store/z7xxy35k7620hs6fn6la5fg2lgklv72l-python3-3.12.4"
        }
      }
    },
    "watchexec@latest": {
      "last_modified": "2024-07-07T07:43:47Z",
      "resolved": "github:NixOS/nixpkgs/b60793b86201040d9dee019a05089a9150d08b5b#watchexec",
      "source": "devbox-search",
      "version": "2.1.1",
      "systems": {
        "aarch64-darwin": {
          "outputs": [
            {
              "name": "out",
              "path": "/nix/store/gwz1jsd0ah83agq2wm4rsgaqs02d474y-watchexec-2.1.1",
              "default": true
            }
          ],
          "store_path": "/nix/store/gwz1jsd0ah83agq2wm4rsgaqs02d474y-watchexec-2.1.1"
        },
        "aarch64-linux": {
          "outputs": [
            {
              "name": "out",
              "path": "/nix/store/650c4sx2sxym6r2jf8zxh7f3jdxzjp1g-watchexec-2.1.1",
              "default": true
            }
          ],
          "store_path": "/nix/store/650c4sx2sxym6r2jf8zxh7f3jdxzjp1g-watchexec-2.1.1"
        },
        "x86_64-darwin": {
          "outputs": [
            {
              "name": "out",
              "path": "/nix/store/b6fpkxdqlfazn4gizbn2708qkh9g6c54-watchexec-2.1.1",
              "default": true
            }
          ],
          "store_path": "/nix/store/b6fpkxdqlfazn4gizbn2708qkh9g6c54-watchexec-2.1.1"
        },
        "x86_64-linux": {
          "outputs": [
            {
              "name": "out",
              "path": "/nix/store/8ynzrzsxnahjz73nfcgdbq1522zbzqsw-watchexec-2.1.1",
              "default": true
            }
          ],
          "store_path": "/nix/store/8ynzrzsxnahjz73nfcgdbq1522zbzqsw-watchexec-2.1.1"
        }
      }
    },
    "zig@0.13.0": {
      "last_modified": "2024-07-07T07:43:47Z",
      "resolved": "github:NixOS/nixpkgs/b60793b86201040d9dee019a05089a9150d08b5b#zig",
      "source": "devbox-search",
      "version": "0.13.0",
      "systems": {
        "aarch64-darwin": {
          "outputs": [
            {
              "name": "out",
              "path": "/nix/store/wgzd45gnpr543g3fi1nanwhnflxhl7kn-zig-0.13.0",
              "default": true
            },
            {
              "name": "doc",
              "path": "/nix/store/wfcqjiv9g9ja9rrc1ysj841sjl7r8cc5-zig-0.13.0-doc"
            }
          ],
          "store_path": "/nix/store/wgzd45gnpr543g3fi1nanwhnflxhl7kn-zig-0.13.0"
        },
        "aarch64-linux": {
          "outputs": [
            {
              "name": "out",
              "path": "/nix/store/ms0x20nvsp0kzlb5xxn7lsq0c5my6lm6-zig-0.13.0",
              "default": true
            },
            {
              "name": "doc",
              "path": "/nix/store/qhx96c92kscyi7z16xgs49jia4khc7xc-zig-0.13.0-doc"
            }
          ],
          "store_path": "/nix/store/ms0x20nvsp0kzlb5xxn7lsq0c5my6lm6-zig-0.13.0"
        },
        "x86_64-darwin": {
          "outputs": [
            {
              "name": "out",
              "path": "/nix/store/bawgk342ia785ambp8b20gfkcdpfrby6-zig-0.13.0",
              "default": true
            },
            {
              "name": "doc",
              "path": "/nix/store/2nf4y4xvlnw23v6hrxxf4gfx934v7wsm-zig-0.13.0-doc"
            }
          ],
          "store_path": "/nix/store/bawgk342ia785ambp8b20gfkcdpfrby6-zig-0.13.0"
        },
        "x86_64-linux": {
          "outputs": [
            {
              "name": "out",
              "path": "/nix/store/a1iiismj2iw26m91l13kc3arr584ix44-zig-0.13.0",
              "default": true
            },
            {
              "name": "doc",
              "path": "/nix/store/cz1s2hgdn6qrx2vj3dcdrlxnzrlw8hhq-zig-0.13.0-doc"
            }
          ],
          "store_path": "/nix/store/a1iiismj2iw26m91l13kc3arr584ix44-zig-0.13.0"
        }
      }
    },
    "zls@latest": {
      "last_modified": "2024-07-07T07:43:47Z",
      "resolved": "github:NixOS/nixpkgs/b60793b86201040d9dee019a05089a9150d08b5b#zls",
      "source": "devbox-search",
      "version": "0.12.0",
      "systems": {
        "aarch64-darwin": {
          "outputs": [
            {
              "name": "out",
              "path": "/nix/store/i1dc475qpwxw6qzq7vixygqh3p99n2fv-zls-0.12.0",
              "default": true
            }
          ],
          "store_path": "/nix/store/i1dc475qpwxw6qzq7vixygqh3p99n2fv-zls-0.12.0"
        },
        "aarch64-linux": {
          "outputs": [
            {
              "name": "out",
              "path": "/nix/store/6clcssryylhnfz57zbf36cv7xc6q37cc-zls-0.12.0",
              "default": true
            }
          ],
          "store_path": "/nix/store/6clcssryylhnfz57zbf36cv7xc6q37cc-zls-0.12.0"
        },
        "x86_64-darwin": {
          "outputs": [
            {
              "name": "out",
              "path": "/nix/store/yz1z55ixf2h4dw2zsfammavm8d7whs50-zls-0.12.0",
              "default": true
            }
          ],
          "store_path": "/nix/store/yz1z55ixf2h4dw2zsfammavm8d7whs50-zls-0.12.0"
        },
        "x86_64-linux": {
          "outputs": [
            {
              "name": "out",
              "path": "/nix/store/xlg5j170s9b3l5qprp8wn051dav3gigl-zls-0.12.0",
              "default": true
            }
          ],
          "store_path": "/nix/store/xlg5j170s9b3l5qprp8wn051dav3gigl-zls-0.12.0"
        }
      }
    }
  }
}
